
Microsoft Visual Studio Solution File, Format Version 12.00
# Visual Studio Version 17
VisualStudioVersion = 17.7.34031.279
MinimumVisualStudioVersion = 10.0.40219.1
Project("{FAE04EC0-301F-11D3-BF4B-00C04F79EFBC}") = "boss", "boss\boss.csproj", "{141F2A6C-0600-4D4C-8FCF-0981E00AAF02}"
EndProject
Global
	GlobalSection(SolutionConfigurationPlatforms) = preSolution
		Debug|Any CPU = Debug|Any CPU
		Release|Any CPU = Release|Any CPU
	EndGlobalSection
	GlobalSection(ProjectConfigurationPlatforms) = postSolution
		{141F2A6C-0600-4D4C-8FCF-0981E00AAF02}.Debug|Any CPU.ActiveCfg = Debug|Any CPU
		{141F2A6C-0600-4D4C-8FCF-0981E00AAF02}.Debug|Any CPU.Build.0 = Debug|Any CPU
		{141F2A6C-0600-4D4C-8FCF-0981E00AAF02}.Release|Any CPU.ActiveCfg = Release|Any CPU
		{141F2A6C-0600-4D4C-8FCF-0981E00AAF02}.Release|Any CPU.Build.0 = Release|Any CPU
	EndGlobalSection
	GlobalSection(SolutionProperties) = preSolution
		HideSolutionNode = FALSE
	EndGlobalSection
	GlobalSection(ExtensibilityGlobals) = postSolution
		SolutionGuid = {8D3CDF6A-5A10-4776-9587-DDFA5A880C37}
	EndGlobalSection
EndGlobal
